
Microsoft Visual Studio Solution File, Format Version 12.00
# Visual Studio Version 17
VisualStudioVersion = 17.13.35818.85
MinimumVisualStudioVersion = 10.0.40219.1
Project("{FAE04EC0-301F-11D3-BF4B-00C04F79EFBC}") = "CoreBanking.AppHost", "CoreBanking\CoreBanking.AppHost\CoreBanking.AppHost.csproj", "{38B4A06E-5805-43F6-B2A8-9DA4DEC82613}"
EndProject
Project("{FAE04EC0-301F-11D3-BF4B-00C04F79EFBC}") = "CoreBanking.ServiceDefaults", "CoreBanking\CoreBanking.ServiceDefaults\CoreBanking.ServiceDefaults.csproj", "{EACDAEB1-1368-109B-9D43-CCC8E8B1678D}"
EndProject
Project("{FAE04EC0-301F-11D3-BF4B-00C04F79EFBC}") = "CoreBanking.API", "CoreBanking.API\CoreBanking.API.csproj", "{27D75A09-40AB-C42C-4449-90BEAA68764C}"
EndProject
Project("{FAE04EC0-301F-11D3-BF4B-00C04F79EFBC}") = "CoreBanking.Infrastructure", "CoreBanking.Infrastructure\CoreBanking.Infrastructure.csproj", "{966BC740-00D2-419D-8A6F-177198952B97}"
EndProject
Project("{FAE04EC0-301F-11D3-BF4B-00C04F79EFBC}") = "CoreBanking.MigrationService", "CoreBanking.MigrationService\CoreBanking.MigrationService.csproj", "{81025B4B-E262-4B76-FC3C-373931113A48}"
EndProject
Project("{FAE04EC0-301F-11D3-BF4B-00C04F79EFBC}") = "CoreBanking.UnitTests", "CoreBanking.UnitTests\CoreBanking.UnitTests.csproj", "{497FB5D4-A9D3-485F-8731-4EDC1AB84EFE}"
EndProject
Project("{FAE04EC0-301F-11D3-BF4B-00C04F79EFBC}") = "CoreBanking.IntegrationTests", "CoreBanking.IntegrationTests\CoreBanking.IntegrationTests.csproj", "{D0F0234D-3B63-4479-95BD-0A117E28104B}"
EndProject
Project("{2150E333-8FDC-42A3-9474-1A3956D46DE8}") = "Docker", "Docker", "{02EA681E-C7D8-13C7-8484-4AC65E1B71E8}"
	ProjectSection(SolutionItems) = preProject
		Docker\common.env = Docker\common.env
		Docker\compose.yml = Docker\compose.yml
		Docker\connection_strings.txt = Docker\connection_strings.txt
		Docker\db_password.txt = Docker\db_password.txt
		Docker\open-telemetry.env = Docker\open-telemetry.env
	EndProjectSection
EndProject
Global
	GlobalSection(SolutionConfigurationPlatforms) = preSolution
		Debug|Any CPU = Debug|Any CPU
		Release|Any CPU = Release|Any CPU
	EndGlobalSection
	GlobalSection(ProjectConfigurationPlatforms) = postSolution
		{38B4A06E-5805-43F6-B2A8-9DA4DEC82613}.Debug|Any CPU.ActiveCfg = Debug|Any CPU
		{38B4A06E-5805-43F6-B2A8-9DA4DEC82613}.Debug|Any CPU.Build.0 = Debug|Any CPU
		{38B4A06E-5805-43F6-B2A8-9DA4DEC82613}.Release|Any CPU.ActiveCfg = Release|Any CPU
		{38B4A06E-5805-43F6-B2A8-9DA4DEC82613}.Release|Any CPU.Build.0 = Release|Any CPU
		{EACDAEB1-1368-109B-9D43-CCC8E8B1678D}.Debug|Any CPU.ActiveCfg = Debug|Any CPU
		{EACDAEB1-1368-109B-9D43-CCC8E8B1678D}.Debug|Any CPU.Build.0 = Debug|Any CPU
		{EACDAEB1-1368-109B-9D43-CCC8E8B1678D}.Release|Any CPU.ActiveCfg = Release|Any CPU
		{EACDAEB1-1368-109B-9D43-CCC8E8B1678D}.Release|Any CPU.Build.0 = Release|Any CPU
		{27D75A09-40AB-C42C-4449-90BEAA68764C}.Debug|Any CPU.ActiveCfg = Debug|Any CPU
		{27D75A09-40AB-C42C-4449-90BEAA68764C}.Debug|Any CPU.Build.0 = Debug|Any CPU
		{27D75A09-40AB-C42C-4449-90BEAA68764C}.Release|Any CPU.ActiveCfg = Release|Any CPU
		{27D75A09-40AB-C42C-4449-90BEAA68764C}.Release|Any CPU.Build.0 = Release|Any CPU
		{966BC740-00D2-419D-8A6F-177198952B97}.Debug|Any CPU.ActiveCfg = Debug|Any CPU
		{966BC740-00D2-419D-8A6F-177198952B97}.Debug|Any CPU.Build.0 = Debug|Any CPU
		{966BC740-00D2-419D-8A6F-177198952B97}.Release|Any CPU.ActiveCfg = Release|Any CPU
		{966BC740-00D2-419D-8A6F-177198952B97}.Release|Any CPU.Build.0 = Release|Any CPU
		{81025B4B-E262-4B76-FC3C-373931113A48}.Debug|Any CPU.ActiveCfg = Debug|Any CPU
		{81025B4B-E262-4B76-FC3C-373931113A48}.Debug|Any CPU.Build.0 = Debug|Any CPU
		{81025B4B-E262-4B76-FC3C-373931113A48}.Release|Any CPU.ActiveCfg = Release|Any CPU
		{81025B4B-E262-4B76-FC3C-373931113A48}.Release|Any CPU.Build.0 = Release|Any CPU
		{497FB5D4-A9D3-485F-8731-4EDC1AB84EFE}.Debug|Any CPU.ActiveCfg = Debug|Any CPU
		{497FB5D4-A9D3-485F-8731-4EDC1AB84EFE}.Debug|Any CPU.Build.0 = Debug|Any CPU
		{497FB5D4-A9D3-485F-8731-4EDC1AB84EFE}.Release|Any CPU.ActiveCfg = Release|Any CPU
		{497FB5D4-A9D3-485F-8731-4EDC1AB84EFE}.Release|Any CPU.Build.0 = Release|Any CPU
		{D0F0234D-3B63-4479-95BD-0A117E28104B}.Debug|Any CPU.ActiveCfg = Debug|Any CPU
		{D0F0234D-3B63-4479-95BD-0A117E28104B}.Debug|Any CPU.Build.0 = Debug|Any CPU
		{D0F0234D-3B63-4479-95BD-0A117E28104B}.Release|Any CPU.ActiveCfg = Release|Any CPU
		{D0F0234D-3B63-4479-95BD-0A117E28104B}.Release|Any CPU.Build.0 = Release|Any CPU
	EndGlobalSection
	GlobalSection(SolutionProperties) = preSolution
		HideSolutionNode = FALSE
	EndGlobalSection
	GlobalSection(ExtensibilityGlobals) = postSolution
		SolutionGuid = {1B0A56F0-7068-4CC4-BC62-620EF1BAA1B4}
	EndGlobalSection
EndGlobal
